
Microsoft Visual Studio Solution File, Format Version 12.00
# Visual Studio Version 17
VisualStudioVersion = 17.5.33516.290
MinimumVisualStudioVersion = 10.0.40219.1
Project("{FAE04EC0-301F-11D3-BF4B-00C04F79EFBC}") = "Etherscan", "Etherscan\Etherscan.csproj", "{488846E5-3712-4AAC-BD19-403CFC559B94}"
EndProject
Project("{FAE04EC0-301F-11D3-BF4B-00C04F79EFBC}") = "Etherscan.DAL.Entities", "Etherscan.DAL.Entities\Etherscan.DAL.Entities.csproj", "{97F99FEB-8BA1-4230-B1B2-26902B5D9BB5}"
EndProject
Project("{FAE04EC0-301F-11D3-BF4B-00C04F79EFBC}") = "Etherscan.DAL.Services", "Etherscan.DAL.Services\Etherscan.DAL.Services.csproj", "{32D393FF-0683-4DD6-9357-E62B280F41BA}"
EndProject
Global
	GlobalSection(SolutionConfigurationPlatforms) = preSolution
		Debug|Any CPU = Debug|Any CPU
		Release|Any CPU = Release|Any CPU
	EndGlobalSection
	GlobalSection(ProjectConfigurationPlatforms) = postSolution
		{488846E5-3712-4AAC-BD19-403CFC559B94}.Debug|Any CPU.ActiveCfg = Debug|Any CPU
		{488846E5-3712-4AAC-BD19-403CFC559B94}.Debug|Any CPU.Build.0 = Debug|Any CPU
		{488846E5-3712-4AAC-BD19-403CFC559B94}.Release|Any CPU.ActiveCfg = Release|Any CPU
		{488846E5-3712-4AAC-BD19-403CFC559B94}.Release|Any CPU.Build.0 = Release|Any CPU
		{97F99FEB-8BA1-4230-B1B2-26902B5D9BB5}.Debug|Any CPU.ActiveCfg = Debug|Any CPU
		{97F99FEB-8BA1-4230-B1B2-26902B5D9BB5}.Debug|Any CPU.Build.0 = Debug|Any CPU
		{97F99FEB-8BA1-4230-B1B2-26902B5D9BB5}.Release|Any CPU.ActiveCfg = Release|Any CPU
		{97F99FEB-8BA1-4230-B1B2-26902B5D9BB5}.Release|Any CPU.Build.0 = Release|Any CPU
		{32D393FF-0683-4DD6-9357-E62B280F41BA}.Debug|Any CPU.ActiveCfg = Debug|Any CPU
		{32D393FF-0683-4DD6-9357-E62B280F41BA}.Debug|Any CPU.Build.0 = Debug|Any CPU
		{32D393FF-0683-4DD6-9357-E62B280F41BA}.Release|Any CPU.ActiveCfg = Release|Any CPU
		{32D393FF-0683-4DD6-9357-E62B280F41BA}.Release|Any CPU.Build.0 = Release|Any CPU
	EndGlobalSection
	GlobalSection(SolutionProperties) = preSolution
		HideSolutionNode = FALSE
	EndGlobalSection
	GlobalSection(ExtensibilityGlobals) = postSolution
		SolutionGuid = {7FEEA8E1-D54E-43F2-B223-7C2415C9AF29}
	EndGlobalSection
EndGlobal
